
Microsoft Visual Studio Solution File, Format Version 11.00
# Visual C++ Express 2010
Project("{8BC9CEB8-8B4A-11D0-8D11-00A0C91BC942}") = "lab1", "lab1\lab1.vcxproj", "{416B1A17-ADDA-4CCB-B5F3-6B082E77DADA}"
EndProject
Global
	GlobalSection(SolutionConfigurationPlatforms) = preSolution
		Debug|Win32 = Debug|Win32
		Release|Win32 = Release|Win32
	EndGlobalSection
	GlobalSection(ProjectConfigurationPlatforms) = postSolution
		{416B1A17-ADDA-4CCB-B5F3-6B082E77DADA}.Debug|Win32.ActiveCfg = Debug|Win32
		{416B1A17-ADDA-4CCB-B5F3-6B082E77DADA}.Debug|Win32.Build.0 = Debug|Win32
		{416B1A17-ADDA-4CCB-B5F3-6B082E77DADA}.Release|Win32.ActiveCfg = Release|Win32
		{416B1A17-ADDA-4CCB-B5F3-6B082E77DADA}.Release|Win32.Build.0 = Release|Win32
	EndGlobalSection
	GlobalSection(SolutionProperties) = preSolution
		HideSolutionNode = FALSE
	EndGlobalSection
EndGlobal
